{
    "_readme": [
        "This file locks the dependencies of your project to a known state",
        "Read more about it at https://getcomposer.org/doc/01-basic-usage.md#installing-dependencies",
        "This file is @generated automatically"
    ],
    "content-hash": "2858356bd0e84e58c5fc1a5e126e1767",
    "packages": [
        {
            "name": "wordplate/acf",
            "version": "11.0.1",
            "source": {
                "type": "git",
                "url": "https://github.com/wordplate/extended-acf.git",
                "reference": "70afa45f4cb5632ee2be657d85d183737db7bdde"
            },
            "dist": {
                "type": "zip",
                "url": "https://api.github.com/repos/wordplate/extended-acf/zipball/70afa45f4cb5632ee2be657d85d183737db7bdde",
                "reference": "70afa45f4cb5632ee2be657d85d183737db7bdde",
                "shasum": ""
            },
            "require": {
                "php": "^7.3 || ^8.0"
            },
            "require-dev": {
                "phpunit/phpunit": "^9.5",
                "squizlabs/php_codesniffer": "^3.6"
            },
            "type": "library",
            "extra": {
                "branch-alias": {
                    "dev-master": "11.1-dev"
                }
            },
            "autoload": {
                "psr-4": {
                    "WordPlate\\Acf\\": "src/"
                },
                "files": [
                    "src/helpers.php"
                ]
            },
            "notification-url": "https://packagist.org/downloads/",
            "license": [
                "MIT"
            ],
            "authors": [
                {
                    "name": "Vincent Klaiber",
                    "email": "hello@doubledip.se"
                },
                {
                    "name": "Chris Andersson",
                    "email": "hello@puredazzle.se"
                }
            ],
            "description": "Register advanced custom fields with object oriented PHP",
            "keywords": [
                "acf",
                "advanced",
                "custom",
                "fields",
                "wordplate",
                "wordpress"
            ],
            "support": {
                "issues": "https://github.com/wordplate/extended-acf/issues",
                "source": "https://github.com/wordplate/extended-acf/tree/11.0.1"
            },
            "time": "2021-05-23T19:28:42+00:00"
        }
    ],
    "packages-dev": [],
    "aliases": [],
    "minimum-stability": "stable",
    "stability-flags": [],
    "prefer-stable": false,
    "prefer-lowest": false,
    "platform": [],
    "platform-dev": [],
    "plugin-api-version": "2.0.0"
}
